
Microsoft Visual Studio Solution File, Format Version 12.00
# Visual Studio 15
VisualStudioVersion = 15.0.28307.136
MinimumVisualStudioVersion = 10.0.40219.1
Project("{FAE04EC0-301F-11D3-BF4B-00C04F79EFBC}") = "Hotel", "Hotel\Hotel.csproj", "{7BB85578-92E3-4C3E-9534-9D9C93B9CCF2}"
EndProject
Global
	GlobalSection(SolutionConfigurationPlatforms) = preSolution
		Debug|Any CPU = Debug|Any CPU
		Release|Any CPU = Release|Any CPU
	EndGlobalSection
	GlobalSection(ProjectConfigurationPlatforms) = postSolution
		{7BB85578-92E3-4C3E-9534-9D9C93B9CCF2}.Debug|Any CPU.ActiveCfg = Debug|Any CPU
		{7BB85578-92E3-4C3E-9534-9D9C93B9CCF2}.Debug|Any CPU.Build.0 = Debug|Any CPU
		{7BB85578-92E3-4C3E-9534-9D9C93B9CCF2}.Release|Any CPU.ActiveCfg = Release|Any CPU
		{7BB85578-92E3-4C3E-9534-9D9C93B9CCF2}.Release|Any CPU.Build.0 = Release|Any CPU
	EndGlobalSection
	GlobalSection(SolutionProperties) = preSolution
		HideSolutionNode = FALSE
	EndGlobalSection
	GlobalSection(ExtensibilityGlobals) = postSolution
		SolutionGuid = {08ED3DDD-64CE-4D62-8256-CF16BEDBE88E}
	EndGlobalSection
EndGlobal
